
Microsoft Visual Studio Solution File, Format Version 12.00
# Visual Studio Version 17
VisualStudioVersion = 17.5.33424.131
MinimumVisualStudioVersion = 10.0.40219.1
Project("{9A19103F-16F7-4668-BE54-9A1E7A4F7556}") = "AuthenticationApi", "AuthenticationApi\AuthenticationApi.csproj", "{51E8DF20-CE94-4DE1-81F7-684DD78669CA}"
EndProject
Project("{9A19103F-16F7-4668-BE54-9A1E7A4F7556}") = "AuthenticationServices", "AuthenticationServices\AuthenticationServices.csproj", "{8C42441A-B127-4392-8EEB-FF5C9313D65C}"
EndProject
Project("{9A19103F-16F7-4668-BE54-9A1E7A4F7556}") = "AuthenticationData", "AuthenticationData\AuthenticationData.csproj", "{39CED2CB-B90A-4117-9BB7-662B484FA03A}"
EndProject
Project("{2150E333-8FDC-42A3-9474-1A3956D46DE8}") = "CD", "CD", "{435B04D9-56CA-49AC-86A1-489F311D84B8}"
	ProjectSection(SolutionItems) = preProject
		.dockerignore = .dockerignore
		.gitignore = .gitignore
		docker-compose.yml = docker-compose.yml
		Dockerfile = Dockerfile
	EndProjectSection
EndProject
Project("{FAE04EC0-301F-11D3-BF4B-00C04F79EFBC}") = "AuthenticationUnitTests", "AuthenticationUnitTests\AuthenticationUnitTests.csproj", "{36FFD757-F89A-4CE7-A31C-304C3625654C}"
EndProject
Global
	GlobalSection(SolutionConfigurationPlatforms) = preSolution
		Debug|Any CPU = Debug|Any CPU
		Release|Any CPU = Release|Any CPU
	EndGlobalSection
	GlobalSection(ProjectConfigurationPlatforms) = postSolution
		{51E8DF20-CE94-4DE1-81F7-684DD78669CA}.Debug|Any CPU.ActiveCfg = Debug|Any CPU
		{51E8DF20-CE94-4DE1-81F7-684DD78669CA}.Debug|Any CPU.Build.0 = Debug|Any CPU
		{51E8DF20-CE94-4DE1-81F7-684DD78669CA}.Release|Any CPU.ActiveCfg = Release|Any CPU
		{51E8DF20-CE94-4DE1-81F7-684DD78669CA}.Release|Any CPU.Build.0 = Release|Any CPU
		{8C42441A-B127-4392-8EEB-FF5C9313D65C}.Debug|Any CPU.ActiveCfg = Debug|Any CPU
		{8C42441A-B127-4392-8EEB-FF5C9313D65C}.Debug|Any CPU.Build.0 = Debug|Any CPU
		{8C42441A-B127-4392-8EEB-FF5C9313D65C}.Release|Any CPU.ActiveCfg = Release|Any CPU
		{8C42441A-B127-4392-8EEB-FF5C9313D65C}.Release|Any CPU.Build.0 = Release|Any CPU
		{39CED2CB-B90A-4117-9BB7-662B484FA03A}.Debug|Any CPU.ActiveCfg = Debug|Any CPU
		{39CED2CB-B90A-4117-9BB7-662B484FA03A}.Debug|Any CPU.Build.0 = Debug|Any CPU
		{39CED2CB-B90A-4117-9BB7-662B484FA03A}.Release|Any CPU.ActiveCfg = Release|Any CPU
		{39CED2CB-B90A-4117-9BB7-662B484FA03A}.Release|Any CPU.Build.0 = Release|Any CPU
		{36FFD757-F89A-4CE7-A31C-304C3625654C}.Debug|Any CPU.ActiveCfg = Debug|Any CPU
		{36FFD757-F89A-4CE7-A31C-304C3625654C}.Debug|Any CPU.Build.0 = Debug|Any CPU
		{36FFD757-F89A-4CE7-A31C-304C3625654C}.Release|Any CPU.ActiveCfg = Release|Any CPU
		{36FFD757-F89A-4CE7-A31C-304C3625654C}.Release|Any CPU.Build.0 = Release|Any CPU
	EndGlobalSection
	GlobalSection(SolutionProperties) = preSolution
		HideSolutionNode = FALSE
	EndGlobalSection
	GlobalSection(ExtensibilityGlobals) = postSolution
		SolutionGuid = {657B3C67-4A02-4EB3-830E-FD902628611B}
	EndGlobalSection
EndGlobal
